
Microsoft Visual Studio Solution File, Format Version 12.00
# Visual Studio Version 16
VisualStudioVersion = 16.0.30114.105
MinimumVisualStudioVersion = 10.0.40219.1
Project("{FAE04EC0-301F-11D3-BF4B-00C04F79EFBC}") = "Parsley", "Parsley\Parsley.csproj", "{3D567EDB-1DB6-4B2B-AC9A-EEE63D5BA806}"
EndProject
Project("{FAE04EC0-301F-11D3-BF4B-00C04F79EFBC}") = "Parsley.Tests", "Parsley.Tests\Parsley.Tests.csproj", "{02C7A22E-1A63-478F-915E-4C7F6EF50B05}"
EndProject
Global
	GlobalSection(SolutionConfigurationPlatforms) = preSolution
		Debug|Any CPU = Debug|Any CPU
		Release|Any CPU = Release|Any CPU
	EndGlobalSection
	GlobalSection(SolutionProperties) = preSolution
		HideSolutionNode = FALSE
	EndGlobalSection
	GlobalSection(ProjectConfigurationPlatforms) = postSolution
		{3D567EDB-1DB6-4B2B-AC9A-EEE63D5BA806}.Debug|Any CPU.ActiveCfg = Debug|Any CPU
		{3D567EDB-1DB6-4B2B-AC9A-EEE63D5BA806}.Debug|Any CPU.Build.0 = Debug|Any CPU
		{3D567EDB-1DB6-4B2B-AC9A-EEE63D5BA806}.Release|Any CPU.ActiveCfg = Release|Any CPU
		{3D567EDB-1DB6-4B2B-AC9A-EEE63D5BA806}.Release|Any CPU.Build.0 = Release|Any CPU
		{02C7A22E-1A63-478F-915E-4C7F6EF50B05}.Debug|Any CPU.ActiveCfg = Debug|Any CPU
		{02C7A22E-1A63-478F-915E-4C7F6EF50B05}.Debug|Any CPU.Build.0 = Debug|Any CPU
		{02C7A22E-1A63-478F-915E-4C7F6EF50B05}.Release|Any CPU.ActiveCfg = Release|Any CPU
		{02C7A22E-1A63-478F-915E-4C7F6EF50B05}.Release|Any CPU.Build.0 = Release|Any CPU
	EndGlobalSection
EndGlobal
